// !$*UTF8*$!
{
	archiveVersion = 1;
	classes = {
	};
	objectVersion = 46;
	objects = {

/* Begin PBXBuildFile section */
		0E211BC622BAB29C00334CC0 /* README.md in Resources */ = {isa = PBXBuildFile; fileRef = 0E211BC522BAB29C00334CC0 /* README.md */; };
		182DC37D1E8A5AE400912D20 /* Alert.m in Sources */ = {isa = PBXBuildFile; fileRef = 182DC37C1E8A5AE400912D20 /* Alert.m */; };
		182FF6F31E4D936700CC0C7C /* DetailsInfoData.m in Sources */ = {isa = PBXBuildFile; fileRef = 182FF6F01E4D936700CC0C7C /* DetailsInfoData.m */; };
		182FF6F41E4D936700CC0C7C /* ExportInfoManager.m in Sources */ = {isa = PBXBuildFile; fileRef = 182FF6F21E4D936700CC0C7C /* ExportInfoManager.m */; };
		18322A8E1DAE193B0049660B /* BuilderCSFileEdit.m in Sources */ = {isa = PBXBuildFile; fileRef = 18322A8D1DAE193B0049660B /* BuilderCSFileEdit.m */; };
		183780121D766C84004E3BAD /* AppDelegate.m in Sources */ = {isa = PBXBuildFile; fileRef = 183780111D766C84004E3BAD /* AppDelegate.m */; };
		183780151D766C84004E3BAD /* main.m in Sources */ = {isa = PBXBuildFile; fileRef = 183780141D766C84004E3BAD /* main.m */; };
		1837801A1D766C84004E3BAD /* Assets.xcassets in Resources */ = {isa = PBXBuildFile; fileRef = 183780191D766C84004E3BAD /* Assets.xcassets */; };
		1837801D1D766C84004E3BAD /* Main.storyboard in Resources */ = {isa = PBXBuildFile; fileRef = 1837801B1D766C84004E3BAD /* Main.storyboard */; };
		183780281D766C84004E3BAD /* IpaExporterTests.m in Sources */ = {isa = PBXBuildFile; fileRef = 183780271D766C84004E3BAD /* IpaExporterTests.m */; };
		183780331D766C85004E3BAD /* IpaExporterUITests.m in Sources */ = {isa = PBXBuildFile; fileRef = 183780321D766C85004E3BAD /* IpaExporterUITests.m */; };
		184BEA501DC742FA00CCEC4D /* DetailsInfoSetting.m in Sources */ = {isa = PBXBuildFile; fileRef = 184BEA4F1DC742FA00CCEC4D /* DetailsInfoSetting.m */; };
		186088FD1DAA4AE10055E4BB /* DataResManager.m in Sources */ = {isa = PBXBuildFile; fileRef = 186088FC1DAA4AE10055E4BB /* DataResManager.m */; };
		188DAD111E56F8E300554D6B /* CustomLog.m in Sources */ = {isa = PBXBuildFile; fileRef = 188DAD101E56F8E300554D6B /* CustomLog.m */; };
		189034501DE82FCF00AEDF46 /* TempCode in Resources */ = {isa = PBXBuildFile; fileRef = 1890344F1DE82FCF00AEDF46 /* TempCode */; };
		18CA13961D78164C006595E5 /* ViewMain.m in Sources */ = {isa = PBXBuildFile; fileRef = 18CA13951D78164C006595E5 /* ViewMain.m */; };
		18DB76441E7FFE22003FDC52 /* Singletion.m in Sources */ = {isa = PBXBuildFile; fileRef = 18DB76431E7FFE22003FDC52 /* Singletion.m */; };
		18DD5E6C1DAF1C150071B654 /* DetailsInfoView.m in Sources */ = {isa = PBXBuildFile; fileRef = 18DD5E6B1DAF1C150071B654 /* DetailsInfoView.m */; };
		18F1027B1DCC2AEB008312E5 /* EventManager.m in Sources */ = {isa = PBXBuildFile; fileRef = 18F1027A1DCC2AEB008312E5 /* EventManager.m */; };
		593FAEF622B097E700A21F33 /* NSString+Emoji.m in Sources */ = {isa = PBXBuildFile; fileRef = 593FAEF422B097E700A21F33 /* NSString+Emoji.m */; };
		5964C63F229CE169004BDD23 /* Xcodeproj in Resources */ = {isa = PBXBuildFile; fileRef = 5964C63E229CE169004BDD23 /* Xcodeproj */; };
		5964C642229CE262004BDD23 /* PackCammond.m in Sources */ = {isa = PBXBuildFile; fileRef = 5964C641229CE262004BDD23 /* PackCammond.m */; };
		5979D9DC22A54C3700C040D2 /* MobileprovisionParser.m in Sources */ = {isa = PBXBuildFile; fileRef = 5979D9DB22A54C3700C040D2 /* MobileprovisionParser.m */; };
		59CF0C4222B79D08001A1F91 /* PreferenceView.m in Sources */ = {isa = PBXBuildFile; fileRef = 59CF0C4122B79D08001A1F91 /* PreferenceView.m */; };
/* End PBXBuildFile section */

/* Begin PBXContainerItemProxy section */
		183780241D766C84004E3BAD /* PBXContainerItemProxy */ = {
			isa = PBXContainerItemProxy;
			containerPortal = 183780051D766C84004E3BAD /* Project object */;
			proxyType = 1;
			remoteGlobalIDString = 1837800C1D766C84004E3BAD;
			remoteInfo = IpaExporter;
		};
		1837802F1D766C85004E3BAD /* PBXContainerItemProxy */ = {
			isa = PBXContainerItemProxy;
			containerPortal = 183780051D766C84004E3BAD /* Project object */;
			proxyType = 1;
			remoteGlobalIDString = 1837800C1D766C84004E3BAD;
			remoteInfo = IpaExporter;
		};
/* End PBXContainerItemProxy section */

/* Begin PBXFileReference section */
		0E211BC522BAB29C00334CC0 /* README.md */ = {isa = PBXFileReference; fileEncoding = 4; lastKnownFileType = net.daringfireball.markdown; path = README.md; sourceTree = "<group>"; };
		0EE0A4C722B943D200DBB300 /* Base */ = {isa = PBXFileReference; lastKnownFileType = file.storyboard; name = Base; path = Base.lproj/Main.storyboard; sourceTree = "<group>"; };
		0EE0A4C922B943E200DBB300 /* en */ = {isa = PBXFileReference; lastKnownFileType = text.plist.strings; name = en; path = en.lproj/Main.strings; sourceTree = "<group>"; };
		182186401E5ACAD5003599CD /* Common.h */ = {isa = PBXFileReference; lastKnownFileType = sourcecode.c.h; path = Common.h; sourceTree = "<group>"; };
		1828197A1E4C5E2C00CEC719 /* EventTypeDef.h */ = {isa = PBXFileReference; lastKnownFileType = sourcecode.c.h; path = EventTypeDef.h; sourceTree = "<group>"; };
		182DC37B1E8A5AE400912D20 /* Alert.h */ = {isa = PBXFileReference; fileEncoding = 4; lastKnownFileType = sourcecode.c.h; path = Alert.h; sourceTree = "<group>"; };
		182DC37C1E8A5AE400912D20 /* Alert.m */ = {isa = PBXFileReference; fileEncoding = 4; lastKnownFileType = sourcecode.c.objc; path = Alert.m; sourceTree = "<group>"; };
		182FF6EF1E4D936700CC0C7C /* DetailsInfoData.h */ = {isa = PBXFileReference; fileEncoding = 4; lastKnownFileType = sourcecode.c.h; path = DetailsInfoData.h; sourceTree = "<group>"; };
		182FF6F01E4D936700CC0C7C /* DetailsInfoData.m */ = {isa = PBXFileReference; fileEncoding = 4; lastKnownFileType = sourcecode.c.objc; path = DetailsInfoData.m; sourceTree = "<group>"; };
		182FF6F11E4D936700CC0C7C /* ExportInfoManager.h */ = {isa = PBXFileReference; fileEncoding = 4; lastKnownFileType = sourcecode.c.h; path = ExportInfoManager.h; sourceTree = "<group>"; };
		182FF6F21E4D936700CC0C7C /* ExportInfoManager.m */ = {isa = PBXFileReference; fileEncoding = 4; lastKnownFileType = sourcecode.c.objc; path = ExportInfoManager.m; sourceTree = "<group>"; };
		18322A8C1DAE193B0049660B /* BuilderCSFileEdit.h */ = {isa = PBXFileReference; fileEncoding = 4; lastKnownFileType = sourcecode.c.h; path = BuilderCSFileEdit.h; sourceTree = "<group>"; };
		18322A8D1DAE193B0049660B /* BuilderCSFileEdit.m */ = {isa = PBXFileReference; fileEncoding = 4; lastKnownFileType = sourcecode.c.objc; path = BuilderCSFileEdit.m; sourceTree = "<group>"; };
		1837800D1D766C84004E3BAD /* iOS打包工具.app */ = {isa = PBXFileReference; explicitFileType = wrapper.application; includeInIndex = 0; path = "iOS打包工具.app"; sourceTree = BUILT_PRODUCTS_DIR; };
		183780101D766C84004E3BAD /* AppDelegate.h */ = {isa = PBXFileReference; lastKnownFileType = sourcecode.c.h; path = AppDelegate.h; sourceTree = "<group>"; };
		183780111D766C84004E3BAD /* AppDelegate.m */ = {isa = PBXFileReference; lastKnownFileType = sourcecode.c.objc; path = AppDelegate.m; sourceTree = "<group>"; };
		183780141D766C84004E3BAD /* main.m */ = {isa = PBXFileReference; lastKnownFileType = sourcecode.c.objc; path = main.m; sourceTree = "<group>"; };
		183780191D766C84004E3BAD /* Assets.xcassets */ = {isa = PBXFileReference; lastKnownFileType = folder.assetcatalog; path = Assets.xcassets; sourceTree = "<group>"; };
		1837801E1D766C84004E3BAD /* Info.plist */ = {isa = PBXFileReference; lastKnownFileType = text.plist.xml; path = Info.plist; sourceTree = "<group>"; };
		183780231D766C84004E3BAD /* IpaExporterTests.xctest */ = {isa = PBXFileReference; explicitFileType = wrapper.cfbundle; includeInIndex = 0; path = IpaExporterTests.xctest; sourceTree = BUILT_PRODUCTS_DIR; };
		183780271D766C84004E3BAD /* IpaExporterTests.m */ = {isa = PBXFileReference; lastKnownFileType = sourcecode.c.objc; path = IpaExporterTests.m; sourceTree = "<group>"; };
		183780291D766C84004E3BAD /* Info.plist */ = {isa = PBXFileReference; lastKnownFileType = text.plist.xml; path = Info.plist; sourceTree = "<group>"; };
		1837802E1D766C85004E3BAD /* IpaExporterUITests.xctest */ = {isa = PBXFileReference; explicitFileType = wrapper.cfbundle; includeInIndex = 0; path = IpaExporterUITests.xctest; sourceTree = BUILT_PRODUCTS_DIR; };
		183780321D766C85004E3BAD /* IpaExporterUITests.m */ = {isa = PBXFileReference; lastKnownFileType = sourcecode.c.objc; path = IpaExporterUITests.m; sourceTree = "<group>"; };
		183780341D766C85004E3BAD /* Info.plist */ = {isa = PBXFileReference; lastKnownFileType = text.plist.xml; path = Info.plist; sourceTree = "<group>"; };
		184BEA4E1DC742FA00CCEC4D /* DetailsInfoSetting.h */ = {isa = PBXFileReference; fileEncoding = 4; lastKnownFileType = sourcecode.c.h; path = DetailsInfoSetting.h; sourceTree = "<group>"; };
		184BEA4F1DC742FA00CCEC4D /* DetailsInfoSetting.m */ = {isa = PBXFileReference; fileEncoding = 4; lastKnownFileType = sourcecode.c.objc; path = DetailsInfoSetting.m; sourceTree = "<group>"; };
		186088FB1DAA4AE10055E4BB /* DataResManager.h */ = {isa = PBXFileReference; fileEncoding = 4; lastKnownFileType = sourcecode.c.h; path = DataResManager.h; sourceTree = "<group>"; };
		186088FC1DAA4AE10055E4BB /* DataResManager.m */ = {isa = PBXFileReference; fileEncoding = 4; lastKnownFileType = sourcecode.c.objc; path = DataResManager.m; sourceTree = "<group>"; };
		188DAD0F1E56F8E300554D6B /* CustomLog.h */ = {isa = PBXFileReference; fileEncoding = 4; lastKnownFileType = sourcecode.c.h; path = CustomLog.h; sourceTree = "<group>"; };
		188DAD101E56F8E300554D6B /* CustomLog.m */ = {isa = PBXFileReference; fileEncoding = 4; lastKnownFileType = sourcecode.c.objc; path = CustomLog.m; sourceTree = "<group>"; };
		1890344F1DE82FCF00AEDF46 /* TempCode */ = {isa = PBXFileReference; lastKnownFileType = folder; name = TempCode; path = IpaExporter/TempCode; sourceTree = "<group>"; };
		18CA13941D78164C006595E5 /* ViewMain.h */ = {isa = PBXFileReference; fileEncoding = 4; lastKnownFileType = sourcecode.c.h; path = ViewMain.h; sourceTree = "<group>"; };
		18CA13951D78164C006595E5 /* ViewMain.m */ = {isa = PBXFileReference; fileEncoding = 4; lastKnownFileType = sourcecode.c.objc; path = ViewMain.m; sourceTree = "<group>"; };
		18DB76421E7FFE22003FDC52 /* Singletion.h */ = {isa = PBXFileReference; fileEncoding = 4; lastKnownFileType = sourcecode.c.h; path = Singletion.h; sourceTree = "<group>"; };
		18DB76431E7FFE22003FDC52 /* Singletion.m */ = {isa = PBXFileReference; fileEncoding = 4; lastKnownFileType = sourcecode.c.objc; path = Singletion.m; sourceTree = "<group>"; };
		18DD5E6A1DAF1C150071B654 /* DetailsInfoView.h */ = {isa = PBXFileReference; fileEncoding = 4; lastKnownFileType = sourcecode.c.h; path = DetailsInfoView.h; sourceTree = "<group>"; };
		18DD5E6B1DAF1C150071B654 /* DetailsInfoView.m */ = {isa = PBXFileReference; fileEncoding = 4; lastKnownFileType = sourcecode.c.objc; path = DetailsInfoView.m; sourceTree = "<group>"; };
		18F102791DCC2AEB008312E5 /* EventManager.h */ = {isa = PBXFileReference; fileEncoding = 4; lastKnownFileType = sourcecode.c.h; path = EventManager.h; sourceTree = "<group>"; };
		18F1027A1DCC2AEB008312E5 /* EventManager.m */ = {isa = PBXFileReference; fileEncoding = 4; lastKnownFileType = sourcecode.c.objc; path = EventManager.m; sourceTree = "<group>"; };
		18FCCBCC1E49CD3900BDF9AC /* Defs.h */ = {isa = PBXFileReference; fileEncoding = 4; lastKnownFileType = sourcecode.c.h; path = Defs.h; sourceTree = "<group>"; };
		593FAEF422B097E700A21F33 /* NSString+Emoji.m */ = {isa = PBXFileReference; fileEncoding = 4; lastKnownFileType = sourcecode.c.objc; path = "NSString+Emoji.m"; sourceTree = "<group>"; };
		593FAEF522B097E700A21F33 /* NSString+Emoji.h */ = {isa = PBXFileReference; fileEncoding = 4; lastKnownFileType = sourcecode.c.h; path = "NSString+Emoji.h"; sourceTree = "<group>"; };
		5964C63E229CE169004BDD23 /* Xcodeproj */ = {isa = PBXFileReference; lastKnownFileType = folder; name = Xcodeproj; path = IpaExporter/Xcodeproj; sourceTree = "<group>"; };
		5964C640229CE262004BDD23 /* PackCammond.h */ = {isa = PBXFileReference; lastKnownFileType = sourcecode.c.h; path = PackCammond.h; sourceTree = "<group>"; };
		5964C641229CE262004BDD23 /* PackCammond.m */ = {isa = PBXFileReference; lastKnownFileType = sourcecode.c.objc; path = PackCammond.m; sourceTree = "<group>"; };
		5979D9DA22A54C3700C040D2 /* MobileprovisionParser.h */ = {isa = PBXFileReference; lastKnownFileType = sourcecode.c.h; path = MobileprovisionParser.h; sourceTree = "<group>"; };
		5979D9DB22A54C3700C040D2 /* MobileprovisionParser.m */ = {isa = PBXFileReference; lastKnownFileType = sourcecode.c.objc; path = MobileprovisionParser.m; sourceTree = "<group>"; };
		59A6F5B522BA07E2007A3C25 /* zh-Hans */ = {isa = PBXFileReference; lastKnownFileType = text.plist.strings; name = "zh-Hans"; path = "zh-Hans.lproj/Main.strings"; sourceTree = "<group>"; };
		59CF0C4022B79D08001A1F91 /* PreferenceView.h */ = {isa = PBXFileReference; lastKnownFileType = sourcecode.c.h; path = PreferenceView.h; sourceTree = "<group>"; };
		59CF0C4122B79D08001A1F91 /* PreferenceView.m */ = {isa = PBXFileReference; lastKnownFileType = sourcecode.c.objc; path = PreferenceView.m; sourceTree = "<group>"; };
/* End PBXFileReference section */

/* Begin PBXFrameworksBuildPhase section */
		1837800A1D766C84004E3BAD /* Frameworks */ = {
			isa = PBXFrameworksBuildPhase;
			buildActionMask = 2147483647;
			files = (
			);
			runOnlyForDeploymentPostprocessing = 0;
		};
		183780201D766C84004E3BAD /* Frameworks */ = {
			isa = PBXFrameworksBuildPhase;
			buildActionMask = 2147483647;
			files = (
			);
			runOnlyForDeploymentPostprocessing = 0;
		};
		1837802B1D766C85004E3BAD /* Frameworks */ = {
			isa = PBXFrameworksBuildPhase;
			buildActionMask = 2147483647;
			files = (
			);
			runOnlyForDeploymentPostprocessing = 0;
		};
/* End PBXFrameworksBuildPhase section */

/* Begin PBXGroup section */
		183780041D766C84004E3BAD = {
			isa = PBXGroup;
			children = (
				0E211BC522BAB29C00334CC0 /* README.md */,
				5964C63E229CE169004BDD23 /* Xcodeproj */,
				1890344F1DE82FCF00AEDF46 /* TempCode */,
				1837800F1D766C84004E3BAD /* IpaExporter */,
				183780261D766C84004E3BAD /* IpaExporterTests */,
				183780311D766C85004E3BAD /* IpaExporterUITests */,
				1837800E1D766C84004E3BAD /* Products */,
			);
			sourceTree = "<group>";
		};
		1837800E1D766C84004E3BAD /* Products */ = {
			isa = PBXGroup;
			children = (
				1837800D1D766C84004E3BAD /* iOS打包工具.app */,
				183780231D766C84004E3BAD /* IpaExporterTests.xctest */,
				1837802E1D766C85004E3BAD /* IpaExporterUITests.xctest */,
			);
			name = Products;
			sourceTree = "<group>";
		};
		1837800F1D766C84004E3BAD /* IpaExporter */ = {
			isa = PBXGroup;
			children = (
				18F102721DCC2813008312E5 /* Common */,
				18750A9C1D9BBBD000FECCA6 /* Logic */,
				18CA13931D78163C006595E5 /* View */,
				183780101D766C84004E3BAD /* AppDelegate.h */,
				183780111D766C84004E3BAD /* AppDelegate.m */,
				183780191D766C84004E3BAD /* Assets.xcassets */,
				1837801B1D766C84004E3BAD /* Main.storyboard */,
				1837801E1D766C84004E3BAD /* Info.plist */,
				183780131D766C84004E3BAD /* Supporting Files */,
			);
			path = IpaExporter;
			sourceTree = "<group>";
		};
		183780131D766C84004E3BAD /* Supporting Files */ = {
			isa = PBXGroup;
			children = (
				183780141D766C84004E3BAD /* main.m */,
			);
			name = "Supporting Files";
			sourceTree = "<group>";
		};
		183780261D766C84004E3BAD /* IpaExporterTests */ = {
			isa = PBXGroup;
			children = (
				183780271D766C84004E3BAD /* IpaExporterTests.m */,
				183780291D766C84004E3BAD /* Info.plist */,
			);
			path = IpaExporterTests;
			sourceTree = "<group>";
		};
		183780311D766C85004E3BAD /* IpaExporterUITests */ = {
			isa = PBXGroup;
			children = (
				183780321D766C85004E3BAD /* IpaExporterUITests.m */,
				183780341D766C85004E3BAD /* Info.plist */,
			);
			path = IpaExporterUITests;
			sourceTree = "<group>";
		};
		18750A9C1D9BBBD000FECCA6 /* Logic */ = {
			isa = PBXGroup;
			children = (
				5964C640229CE262004BDD23 /* PackCammond.h */,
				5964C641229CE262004BDD23 /* PackCammond.m */,
				5979D9DA22A54C3700C040D2 /* MobileprovisionParser.h */,
				5979D9DB22A54C3700C040D2 /* MobileprovisionParser.m */,
				182FF6EF1E4D936700CC0C7C /* DetailsInfoData.h */,
				182FF6F01E4D936700CC0C7C /* DetailsInfoData.m */,
				182FF6F11E4D936700CC0C7C /* ExportInfoManager.h */,
				182FF6F21E4D936700CC0C7C /* ExportInfoManager.m */,
				186088FB1DAA4AE10055E4BB /* DataResManager.h */,
				186088FC1DAA4AE10055E4BB /* DataResManager.m */,
				18322A8C1DAE193B0049660B /* BuilderCSFileEdit.h */,
				18322A8D1DAE193B0049660B /* BuilderCSFileEdit.m */,
			);
			path = Logic;
			sourceTree = "<group>";
		};
		18CA13931D78163C006595E5 /* View */ = {
			isa = PBXGroup;
			children = (
				18CA13941D78164C006595E5 /* ViewMain.h */,
				18CA13951D78164C006595E5 /* ViewMain.m */,
				18DD5E6A1DAF1C150071B654 /* DetailsInfoView.h */,
				18DD5E6B1DAF1C150071B654 /* DetailsInfoView.m */,
				184BEA4E1DC742FA00CCEC4D /* DetailsInfoSetting.h */,
				184BEA4F1DC742FA00CCEC4D /* DetailsInfoSetting.m */,
				59CF0C4022B79D08001A1F91 /* PreferenceView.h */,
				59CF0C4122B79D08001A1F91 /* PreferenceView.m */,
			);
			path = View;
			sourceTree = "<group>";
		};
		18F102721DCC2813008312E5 /* Common */ = {
			isa = PBXGroup;
			children = (
				593FAEF522B097E700A21F33 /* NSString+Emoji.h */,
				593FAEF422B097E700A21F33 /* NSString+Emoji.m */,
				182186401E5ACAD5003599CD /* Common.h */,
				18FCCBCC1E49CD3900BDF9AC /* Defs.h */,
				188DAD0F1E56F8E300554D6B /* CustomLog.h */,
				188DAD101E56F8E300554D6B /* CustomLog.m */,
				1828197A1E4C5E2C00CEC719 /* EventTypeDef.h */,
				18F102791DCC2AEB008312E5 /* EventManager.h */,
				18F1027A1DCC2AEB008312E5 /* EventManager.m */,
				18DB76421E7FFE22003FDC52 /* Singletion.h */,
				18DB76431E7FFE22003FDC52 /* Singletion.m */,
				182DC37B1E8A5AE400912D20 /* Alert.h */,
				182DC37C1E8A5AE400912D20 /* Alert.m */,
			);
			path = Common;
			sourceTree = "<group>";
		};
/* End PBXGroup section */

/* Begin PBXNativeTarget section */
		1837800C1D766C84004E3BAD /* IpaExporter */ = {
			isa = PBXNativeTarget;
			buildConfigurationList = 183780371D766C85004E3BAD /* Build configuration list for PBXNativeTarget "IpaExporter" */;
			buildPhases = (
				183780091D766C84004E3BAD /* Sources */,
				1837800A1D766C84004E3BAD /* Frameworks */,
				1837800B1D766C84004E3BAD /* Resources */,
			);
			buildRules = (
			);
			dependencies = (
			);
			name = IpaExporter;
			productName = IpaExporter;
			productReference = 1837800D1D766C84004E3BAD /* iOS打包工具.app */;
			productType = "com.apple.product-type.application";
		};
		183780221D766C84004E3BAD /* IpaExporterTests */ = {
			isa = PBXNativeTarget;
			buildConfigurationList = 1837803A1D766C85004E3BAD /* Build configuration list for PBXNativeTarget "IpaExporterTests" */;
			buildPhases = (
				1837801F1D766C84004E3BAD /* Sources */,
				183780201D766C84004E3BAD /* Frameworks */,
				183780211D766C84004E3BAD /* Resources */,
			);
			buildRules = (
			);
			dependencies = (
				183780251D766C84004E3BAD /* PBXTargetDependency */,
			);
			name = IpaExporterTests;
			productName = IpaExporterTests;
			productReference = 183780231D766C84004E3BAD /* IpaExporterTests.xctest */;
			productType = "com.apple.product-type.bundle.unit-test";
		};
		1837802D1D766C85004E3BAD /* IpaExporterUITests */ = {
			isa = PBXNativeTarget;
			buildConfigurationList = 1837803D1D766C85004E3BAD /* Build configuration list for PBXNativeTarget "IpaExporterUITests" */;
			buildPhases = (
				1837802A1D766C85004E3BAD /* Sources */,
				1837802B1D766C85004E3BAD /* Frameworks */,
				1837802C1D766C85004E3BAD /* Resources */,
			);
			buildRules = (
			);
			dependencies = (
				183780301D766C85004E3BAD /* PBXTargetDependency */,
			);
			name = IpaExporterUITests;
			productName = IpaExporterUITests;
			productReference = 1837802E1D766C85004E3BAD /* IpaExporterUITests.xctest */;
			productType = "com.apple.product-type.bundle.ui-testing";
		};
/* End PBXNativeTarget section */

/* Begin PBXProject section */
		183780051D766C84004E3BAD /* Project object */ = {
			isa = PBXProject;
			attributes = {
				LastUpgradeCheck = 0730;
				ORGANIZATIONNAME = "何遵祖";
				TargetAttributes = {
					1837800C1D766C84004E3BAD = {
						CreatedOnToolsVersion = 7.3.1;
						DevelopmentTeam = V98ZP94KS5;
						ProvisioningStyle = Automatic;
					};
					183780221D766C84004E3BAD = {
						CreatedOnToolsVersion = 7.3.1;
						TestTargetID = 1837800C1D766C84004E3BAD;
					};
					1837802D1D766C85004E3BAD = {
						CreatedOnToolsVersion = 7.3.1;
						TestTargetID = 1837800C1D766C84004E3BAD;
					};
				};
			};
			buildConfigurationList = 183780081D766C84004E3BAD /* Build configuration list for PBXProject "IpaExporter" */;
			compatibilityVersion = "Xcode 3.2";
			developmentRegion = English;
			hasScannedForEncodings = 0;
			knownRegions = (
				English,
				en,
				Base,
				"zh-Hans",
			);
			mainGroup = 183780041D766C84004E3BAD;
			productRefGroup = 1837800E1D766C84004E3BAD /* Products */;
			projectDirPath = "";
			projectRoot = "";
			targets = (
				1837800C1D766C84004E3BAD /* IpaExporter */,
				183780221D766C84004E3BAD /* IpaExporterTests */,
				1837802D1D766C85004E3BAD /* IpaExporterUITests */,
			);
		};
/* End PBXProject section */

/* Begin PBXResourcesBuildPhase section */
		1837800B1D766C84004E3BAD /* Resources */ = {
			isa = PBXResourcesBuildPhase;
			buildActionMask = 2147483647;
			files = (
				1837801A1D766C84004E3BAD /* Assets.xcassets in Resources */,
				5964C63F229CE169004BDD23 /* Xcodeproj in Resources */,
				0E211BC622BAB29C00334CC0 /* README.md in Resources */,
				1837801D1D766C84004E3BAD /* Main.storyboard in Resources */,
				189034501DE82FCF00AEDF46 /* TempCode in Resources */,
			);
			runOnlyForDeploymentPostprocessing = 0;
		};
		183780211D766C84004E3BAD /* Resources */ = {
			isa = PBXResourcesBuildPhase;
			buildActionMask = 2147483647;
			files = (
			);
			runOnlyForDeploymentPostprocessing = 0;
		};
		1837802C1D766C85004E3BAD /* Resources */ = {
			isa = PBXResourcesBuildPhase;
			buildActionMask = 2147483647;
			files = (
			);
			runOnlyForDeploymentPostprocessing = 0;
		};
/* End PBXResourcesBuildPhase section */

/* Begin PBXSourcesBuildPhase section */
		183780091D766C84004E3BAD /* Sources */ = {
			isa = PBXSourcesBuildPhase;
			buildActionMask = 2147483647;
			files = (
				5979D9DC22A54C3700C040D2 /* MobileprovisionParser.m in Sources */,
				18F1027B1DCC2AEB008312E5 /* EventManager.m in Sources */,
				593FAEF622B097E700A21F33 /* NSString+Emoji.m in Sources */,
				182DC37D1E8A5AE400912D20 /* Alert.m in Sources */,
				59CF0C4222B79D08001A1F91 /* PreferenceView.m in Sources */,
				5964C642229CE262004BDD23 /* PackCammond.m in Sources */,
				184BEA501DC742FA00CCEC4D /* DetailsInfoSetting.m in Sources */,
				183780151D766C84004E3BAD /* main.m in Sources */,
				182FF6F31E4D936700CC0C7C /* DetailsInfoData.m in Sources */,
				188DAD111E56F8E300554D6B /* CustomLog.m in Sources */,
				186088FD1DAA4AE10055E4BB /* DataResManager.m in Sources */,
				183780121D766C84004E3BAD /* AppDelegate.m in Sources */,
				18322A8E1DAE193B0049660B /* BuilderCSFileEdit.m in Sources */,
				18CA13961D78164C006595E5 /* ViewMain.m in Sources */,
				18DD5E6C1DAF1C150071B654 /* DetailsInfoView.m in Sources */,
				18DB76441E7FFE22003FDC52 /* Singletion.m in Sources */,
				182FF6F41E4D936700CC0C7C /* ExportInfoManager.m in Sources */,
			);
			runOnlyForDeploymentPostprocessing = 0;
		};
		1837801F1D766C84004E3BAD /* Sources */ = {
			isa = PBXSourcesBuildPhase;
			buildActionMask = 2147483647;
			files = (
				183780281D766C84004E3BAD /* IpaExporterTests.m in Sources */,
			);
			runOnlyForDeploymentPostprocessing = 0;
		};
		1837802A1D766C85004E3BAD /* Sources */ = {
			isa = PBXSourcesBuildPhase;
			buildActionMask = 2147483647;
			files = (
				183780331D766C85004E3BAD /* IpaExporterUITests.m in Sources */,
			);
			runOnlyForDeploymentPostprocessing = 0;
		};
/* End PBXSourcesBuildPhase section */

/* Begin PBXTargetDependency section */
		183780251D766C84004E3BAD /* PBXTargetDependency */ = {
			isa = PBXTargetDependency;
			target = 1837800C1D766C84004E3BAD /* IpaExporter */;
			targetProxy = 183780241D766C84004E3BAD /* PBXContainerItemProxy */;
		};
		183780301D766C85004E3BAD /* PBXTargetDependency */ = {
			isa = PBXTargetDependency;
			target = 1837800C1D766C84004E3BAD /* IpaExporter */;
			targetProxy = 1837802F1D766C85004E3BAD /* PBXContainerItemProxy */;
		};
/* End PBXTargetDependency section */

/* Begin PBXVariantGroup section */
		1837801B1D766C84004E3BAD /* Main.storyboard */ = {
			isa = PBXVariantGroup;
			children = (
				0EE0A4C722B943D200DBB300 /* Base */,
				0EE0A4C922B943E200DBB300 /* en */,
				59A6F5B522BA07E2007A3C25 /* zh-Hans */,
			);
			name = Main.storyboard;
			sourceTree = "<group>";
		};
/* End PBXVariantGroup section */

/* Begin XCBuildConfiguration section */
		183780351D766C85004E3BAD /* Debug */ = {
			isa = XCBuildConfiguration;
			buildSettings = {
				ALWAYS_SEARCH_USER_PATHS = NO;
				CLANG_ANALYZER_NONNULL = YES;
				CLANG_CXX_LANGUAGE_STANDARD = "gnu++0x";
				CLANG_CXX_LIBRARY = "libc++";
				CLANG_ENABLE_MODULES = YES;
				CLANG_ENABLE_OBJC_ARC = YES;
				CLANG_WARN_BOOL_CONVERSION = YES;
				CLANG_WARN_CONSTANT_CONVERSION = YES;
				CLANG_WARN_DIRECT_OBJC_ISA_USAGE = YES_ERROR;
				CLANG_WARN_EMPTY_BODY = YES;
				CLANG_WARN_ENUM_CONVERSION = YES;
				CLANG_WARN_INT_CONVERSION = YES;
				CLANG_WARN_OBJC_ROOT_CLASS = YES_ERROR;
				CLANG_WARN_UNREACHABLE_CODE = YES;
				CLANG_WARN__DUPLICATE_METHOD_MATCH = YES;
				CODE_SIGN_IDENTITY = "-";
				COPY_PHASE_STRIP = NO;
				DEBUG_INFORMATION_FORMAT = dwarf;
				ENABLE_STRICT_OBJC_MSGSEND = YES;
				ENABLE_TESTABILITY = YES;
				GCC_C_LANGUAGE_STANDARD = gnu99;
				GCC_DYNAMIC_NO_PIC = NO;
				GCC_NO_COMMON_BLOCKS = YES;
				GCC_OPTIMIZATION_LEVEL = 0;
				GCC_PREPROCESSOR_DEFINITIONS = (
					"DEBUG=1",
					"$(inherited)",
				);
				GCC_WARN_64_TO_32_BIT_CONVERSION = YES;
				GCC_WARN_ABOUT_RETURN_TYPE = YES_ERROR;
				GCC_WARN_UNDECLARED_SELECTOR = YES;
				GCC_WARN_UNINITIALIZED_AUTOS = YES_AGGRESSIVE;
				GCC_WARN_UNUSED_FUNCTION = YES;
				GCC_WARN_UNUSED_VARIABLE = YES;
				MACOSX_DEPLOYMENT_TARGET = 10.11;
				MTL_ENABLE_DEBUG_INFO = YES;
				ONLY_ACTIVE_ARCH = YES;
				SDKROOT = macosx;
			};
			name = Debug;
		};
		183780361D766C85004E3BAD /* Release */ = {
			isa = XCBuildConfiguration;
			buildSettings = {
				ALWAYS_SEARCH_USER_PATHS = NO;
				CLANG_ANALYZER_NONNULL = YES;
				CLANG_CXX_LANGUAGE_STANDARD = "gnu++0x";
				CLANG_CXX_LIBRARY = "libc++";
				CLANG_ENABLE_MODULES = YES;
				CLANG_ENABLE_OBJC_ARC = YES;
				CLANG_WARN_BOOL_CONVERSION = YES;
				CLANG_WARN_CONSTANT_CONVERSION = YES;
				CLANG_WARN_DIRECT_OBJC_ISA_USAGE = YES_ERROR;
				CLANG_WARN_EMPTY_BODY = YES;
				CLANG_WARN_ENUM_CONVERSION = YES;
				CLANG_WARN_INT_CONVERSION = YES;
				CLANG_WARN_OBJC_ROOT_CLASS = YES_ERROR;
				CLANG_WARN_UNREACHABLE_CODE = YES;
				CLANG_WARN__DUPLICATE_METHOD_MATCH = YES;
				CODE_SIGN_IDENTITY = "-";
				COPY_PHASE_STRIP = NO;
				DEBUG_INFORMATION_FORMAT = "dwarf-with-dsym";
				ENABLE_NS_ASSERTIONS = NO;
				ENABLE_STRICT_OBJC_MSGSEND = YES;
				GCC_C_LANGUAGE_STANDARD = gnu99;
				GCC_NO_COMMON_BLOCKS = YES;
				GCC_WARN_64_TO_32_BIT_CONVERSION = YES;
				GCC_WARN_ABOUT_RETURN_TYPE = YES_ERROR;
				GCC_WARN_UNDECLARED_SELECTOR = YES;
				GCC_WARN_UNINITIALIZED_AUTOS = YES_AGGRESSIVE;
				GCC_WARN_UNUSED_FUNCTION = YES;
				GCC_WARN_UNUSED_VARIABLE = YES;
				MACOSX_DEPLOYMENT_TARGET = 10.11;
				MTL_ENABLE_DEBUG_INFO = NO;
				SDKROOT = macosx;
			};
			name = Release;
		};
		183780381D766C85004E3BAD /* Debug */ = {
			isa = XCBuildConfiguration;
			buildSettings = {
				ASSETCATALOG_COMPILER_APPICON_NAME = AppIcon;
				CODE_SIGN_IDENTITY = "Mac Developer";
				CODE_SIGN_STYLE = Automatic;
				COMBINE_HIDPI_IMAGES = YES;
				DEVELOPMENT_TEAM = V98ZP94KS5;
				GCC_C_LANGUAGE_STANDARD = c99;
				INFOPLIST_FILE = IpaExporter/Info.plist;
				LD_GENERATE_MAP_FILE = YES;
				LD_RUNPATH_SEARCH_PATHS = "$(inherited) @executable_path/../Frameworks";
				LIBRARY_SEARCH_PATHS = (
					"$(inherited)",
					"$(PROJECT_DIR)/IpaExporter",
					"$(PROJECT_DIR)/IpaExporter/LuaLib",
				);
				MACOSX_DEPLOYMENT_TARGET = 10.14;
				PRODUCT_BUNDLE_IDENTIFIER = com.IpaExporter.test;
				PRODUCT_NAME = "iOS打包工具";
				PROVISIONING_PROFILE_SPECIFIER = "";
			};
			name = Debug;
		};
		183780391D766C85004E3BAD /* Release */ = {
			isa = XCBuildConfiguration;
			buildSettings = {
				ASSETCATALOG_COMPILER_APPICON_NAME = AppIcon;
				CODE_SIGN_IDENTITY = "Mac Developer";
				CODE_SIGN_STYLE = Automatic;
				COMBINE_HIDPI_IMAGES = YES;
				DEVELOPMENT_TEAM = V98ZP94KS5;
				GCC_C_LANGUAGE_STANDARD = c99;
				GCC_PREPROCESSOR_DEFINITIONS = NS_BLOCK_ASSERTIONS;
				INFOPLIST_FILE = IpaExporter/Info.plist;
				LD_GENERATE_MAP_FILE = YES;
				LD_RUNPATH_SEARCH_PATHS = "$(inherited) @executable_path/../Frameworks";
				LIBRARY_SEARCH_PATHS = (
					"$(inherited)",
					"$(PROJECT_DIR)/IpaExporter",
					"$(PROJECT_DIR)/IpaExporter/LuaLib",
				);
				MACOSX_DEPLOYMENT_TARGET = 10.14;
				PRODUCT_BUNDLE_IDENTIFIER = com.IpaExporter.test;
				PRODUCT_NAME = "iOS打包工具";
				PROVISIONING_PROFILE_SPECIFIER = "";
			};
			name = Release;
		};
		1837803B1D766C85004E3BAD /* Debug */ = {
			isa = XCBuildConfiguration;
			buildSettings = {
				BUNDLE_LOADER = "$(TEST_HOST)";
				COMBINE_HIDPI_IMAGES = YES;
				INFOPLIST_FILE = IpaExporterTests/Info.plist;
				LD_RUNPATH_SEARCH_PATHS = "$(inherited) @executable_path/../Frameworks @loader_path/../Frameworks";
				PRODUCT_BUNDLE_IDENTIFIER = com.IpaExporterTests;
				PRODUCT_NAME = "$(TARGET_NAME)";
				TEST_HOST = "$(BUILT_PRODUCTS_DIR)/IpaExporter.app/Contents/MacOS/IpaExporter";
			};
			name = Debug;
		};
		1837803C1D766C85004E3BAD /* Release */ = {
			isa = XCBuildConfiguration;
			buildSettings = {
				BUNDLE_LOADER = "$(TEST_HOST)";
				COMBINE_HIDPI_IMAGES = YES;
				INFOPLIST_FILE = IpaExporterTests/Info.plist;
				LD_RUNPATH_SEARCH_PATHS = "$(inherited) @executable_path/../Frameworks @loader_path/../Frameworks";
				PRODUCT_BUNDLE_IDENTIFIER = com.IpaExporterTests;
				PRODUCT_NAME = "$(TARGET_NAME)";
				TEST_HOST = "$(BUILT_PRODUCTS_DIR)/IpaExporter.app/Contents/MacOS/IpaExporter";
			};
			name = Release;
		};
		1837803E1D766C85004E3BAD /* Debug */ = {
			isa = XCBuildConfiguration;
			buildSettings = {
				COMBINE_HIDPI_IMAGES = YES;
				INFOPLIST_FILE = IpaExporterUITests/Info.plist;
				LD_RUNPATH_SEARCH_PATHS = "$(inherited) @executable_path/../Frameworks @loader_path/../Frameworks";
				PRODUCT_BUNDLE_IDENTIFIER = com.IpaExporterUITests;
				PRODUCT_NAME = "$(TARGET_NAME)";
				TEST_TARGET_NAME = IpaExporter;
			};
			name = Debug;
		};
		1837803F1D766C85004E3BAD /* Release */ = {
			isa = XCBuildConfiguration;
			buildSettings = {
				COMBINE_HIDPI_IMAGES = YES;
				INFOPLIST_FILE = IpaExporterUITests/Info.plist;
				LD_RUNPATH_SEARCH_PATHS = "$(inherited) @executable_path/../Frameworks @loader_path/../Frameworks";
				PRODUCT_BUNDLE_IDENTIFIER = com.IpaExporterUITests;
				PRODUCT_NAME = "$(TARGET_NAME)";
				TEST_TARGET_NAME = IpaExporter;
			};
			name = Release;
		};
/* End XCBuildConfiguration section */

/* Begin XCConfigurationList section */
		183780081D766C84004E3BAD /* Build configuration list for PBXProject "IpaExporter" */ = {
			isa = XCConfigurationList;
			buildConfigurations = (
				183780351D766C85004E3BAD /* Debug */,
				183780361D766C85004E3BAD /* Release */,
			);
			defaultConfigurationIsVisible = 0;
			defaultConfigurationName = Release;
		};
		183780371D766C85004E3BAD /* Build configuration list for PBXNativeTarget "IpaExporter" */ = {
			isa = XCConfigurationList;
			buildConfigurations = (
				183780381D766C85004E3BAD /* Debug */,
				183780391D766C85004E3BAD /* Release */,
			);
			defaultConfigurationIsVisible = 0;
			defaultConfigurationName = Release;
		};
		1837803A1D766C85004E3BAD /* Build configuration list for PBXNativeTarget "IpaExporterTests" */ = {
			isa = XCConfigurationList;
			buildConfigurations = (
				1837803B1D766C85004E3BAD /* Debug */,
				1837803C1D766C85004E3BAD /* Release */,
			);
			defaultConfigurationIsVisible = 0;
			defaultConfigurationName = Release;
		};
		1837803D1D766C85004E3BAD /* Build configuration list for PBXNativeTarget "IpaExporterUITests" */ = {
			isa = XCConfigurationList;
			buildConfigurations = (
				1837803E1D766C85004E3BAD /* Debug */,
				1837803F1D766C85004E3BAD /* Release */,
			);
			defaultConfigurationIsVisible = 0;
			defaultConfigurationName = Release;
		};
/* End XCConfigurationList section */
	};
	rootObject = 183780051D766C84004E3BAD /* Project object */;
}
